{
  "requires": true,
  "lockfileVersion": 1,
  "dependencies": {
    "workbox-sw": {
      "version": "4.3.1",
      "resolved": "https://registry.npmjs.org/workbox-sw/-/workbox-sw-4.3.1.tgz",
      "integrity": "sha512-0jXdusCL2uC5gM3yYFT6QMBzKfBr2XTk0g5TPAV4y8IZDyVNDyj1a8uSXy3/XrvkVTmQvLN4O5k3JawGReXr9w=="
    }
  }
}
